{
  "name": "beu-openclaw-adapter",
  "lockfileVersion": 3,
  "requires": true,
  "packages": {
    "": {
      "name": "beu-openclaw-adapter",
      "dependencies": {
        "jsonrpc-lite": "^2.2.0"
      }
    },
    "node_modules/jsonrpc-lite": {
      "version": "2.2.0",
      "resolved": "https://registry.npmjs.org/jsonrpc-lite/-/jsonrpc-lite-2.2.0.tgz",
      "integrity": "sha512-/cbbSxtZWs1O7R4tWqabrCM/t3N8qKUZMAg9IUqpPvUs6UyRvm6pCNYkskyKN/XU0UgffW+NY2ZRr8t0AknX7g==",
      "license": "MIT"
    }
  }
}
